
Microsoft Visual Studio Solution File, Format Version 12.00
# Visual Studio Version 17
VisualStudioVersion = 17.0.32126.317
MinimumVisualStudioVersion = 10.0.40219.1
Project("{FAE04EC0-301F-11D3-BF4B-00C04F79EFBC}") = "gyak07", "gyak07\gyak07.csproj", "{322698D5-F045-4136-9C5D-880C75242F3C}"
EndProject
Global
	GlobalSection(SolutionConfigurationPlatforms) = preSolution
		Debug|Any CPU = Debug|Any CPU
		Release|Any CPU = Release|Any CPU
	EndGlobalSection
	GlobalSection(ProjectConfigurationPlatforms) = postSolution
		{322698D5-F045-4136-9C5D-880C75242F3C}.Debug|Any CPU.ActiveCfg = Debug|Any CPU
		{322698D5-F045-4136-9C5D-880C75242F3C}.Debug|Any CPU.Build.0 = Debug|Any CPU
		{322698D5-F045-4136-9C5D-880C75242F3C}.Release|Any CPU.ActiveCfg = Release|Any CPU
		{322698D5-F045-4136-9C5D-880C75242F3C}.Release|Any CPU.Build.0 = Release|Any CPU
	EndGlobalSection
	GlobalSection(SolutionProperties) = preSolution
		HideSolutionNode = FALSE
	EndGlobalSection
	GlobalSection(ExtensibilityGlobals) = postSolution
		SolutionGuid = {FCCDFBBF-DB30-44F5-A275-A46BC42F1CB4}
	EndGlobalSection
EndGlobal
