
Microsoft Visual Studio Solution File, Format Version 12.00
# Visual Studio Version 17
VisualStudioVersion = 17.0.32126.317
MinimumVisualStudioVersion = 10.0.40219.1
Project("{FAE04EC0-301F-11D3-BF4B-00C04F79EFBC}") = "Evolúciós algoritmus", "Evolúciós algoritmus\Evolúciós algoritmus.csproj", "{3BD53585-A601-4103-A6C8-5D489E9CDFFA}"
EndProject
Global
	GlobalSection(SolutionConfigurationPlatforms) = preSolution
		Debug|Any CPU = Debug|Any CPU
		Release|Any CPU = Release|Any CPU
	EndGlobalSection
	GlobalSection(ProjectConfigurationPlatforms) = postSolution
		{3BD53585-A601-4103-A6C8-5D489E9CDFFA}.Debug|Any CPU.ActiveCfg = Debug|Any CPU
		{3BD53585-A601-4103-A6C8-5D489E9CDFFA}.Debug|Any CPU.Build.0 = Debug|Any CPU
		{3BD53585-A601-4103-A6C8-5D489E9CDFFA}.Release|Any CPU.ActiveCfg = Release|Any CPU
		{3BD53585-A601-4103-A6C8-5D489E9CDFFA}.Release|Any CPU.Build.0 = Release|Any CPU
	EndGlobalSection
	GlobalSection(SolutionProperties) = preSolution
		HideSolutionNode = FALSE
	EndGlobalSection
	GlobalSection(ExtensibilityGlobals) = postSolution
		SolutionGuid = {16FF2783-3D83-478C-9E74-95603081BEF9}
	EndGlobalSection
EndGlobal
