
Microsoft Visual Studio Solution File, Format Version 12.00
# Visual Studio Version 17
VisualStudioVersion = 17.0.32126.317
MinimumVisualStudioVersion = 10.0.40219.1
Project("{FAE04EC0-301F-11D3-BF4B-00C04F79EFBC}") = "UserMaintenance", "UserMaintenance\UserMaintenance.csproj", "{D2BBD6FF-1BF7-4E08-8E3B-8C9C4F852BD1}"
EndProject
Global
	GlobalSection(SolutionConfigurationPlatforms) = preSolution
		Debug|Any CPU = Debug|Any CPU
		Release|Any CPU = Release|Any CPU
	EndGlobalSection
	GlobalSection(ProjectConfigurationPlatforms) = postSolution
		{D2BBD6FF-1BF7-4E08-8E3B-8C9C4F852BD1}.Debug|Any CPU.ActiveCfg = Debug|Any CPU
		{D2BBD6FF-1BF7-4E08-8E3B-8C9C4F852BD1}.Debug|Any CPU.Build.0 = Debug|Any CPU
		{D2BBD6FF-1BF7-4E08-8E3B-8C9C4F852BD1}.Release|Any CPU.ActiveCfg = Release|Any CPU
		{D2BBD6FF-1BF7-4E08-8E3B-8C9C4F852BD1}.Release|Any CPU.Build.0 = Release|Any CPU
	EndGlobalSection
	GlobalSection(SolutionProperties) = preSolution
		HideSolutionNode = FALSE
	EndGlobalSection
	GlobalSection(ExtensibilityGlobals) = postSolution
		SolutionGuid = {213C7243-A157-4B09-A3A8-5C92708FA6BD}
	EndGlobalSection
EndGlobal
